// !$*UTF8*$!
{
	archiveVersion = 1;
	classes = {
	};
	objectVersion = 46;
	objects = {

/* Begin PBXBuildFile section */
		34753A2318307BAD00FFFB21 /* Foundation.framework in Frameworks */ = {isa = PBXBuildFile; fileRef = 34753A2218307BAD00FFFB21 /* Foundation.framework */; };
		34753A2518307BAD00FFFB21 /* CoreGraphics.framework in Frameworks */ = {isa = PBXBuildFile; fileRef = 34753A2418307BAD00FFFB21 /* CoreGraphics.framework */; };
		34753A2718307BAD00FFFB21 /* UIKit.framework in Frameworks */ = {isa = PBXBuildFile; fileRef = 34753A2618307BAD00FFFB21 /* UIKit.framework */; };
		34753A2D18307BAD00FFFB21 /* InfoPlist.strings in Resources */ = {isa = PBXBuildFile; fileRef = 34753A2B18307BAD00FFFB21 /* InfoPlist.strings */; };
		34753A2F18307BAD00FFFB21 /* main.m in Sources */ = {isa = PBXBuildFile; fileRef = 34753A2E18307BAD00FFFB21 /* main.m */; };
		34753A3318307BAD00FFFB21 /* AppDelegate.m in Sources */ = {isa = PBXBuildFile; fileRef = 34753A3218307BAD00FFFB21 /* AppDelegate.m */; };
		34753A3618307BAD00FFFB21 /* Main.storyboard in Resources */ = {isa = PBXBuildFile; fileRef = 34753A3418307BAD00FFFB21 /* Main.storyboard */; };
		34753A3918307BAD00FFFB21 /* ViewController.m in Sources */ = {isa = PBXBuildFile; fileRef = 34753A3818307BAD00FFFB21 /* ViewController.m */; };
		34753A3B18307BAD00FFFB21 /* Images.xcassets in Resources */ = {isa = PBXBuildFile; fileRef = 34753A3A18307BAD00FFFB21 /* Images.xcassets */; };
		34753A4218307BAE00FFFB21 /* XCTest.framework in Frameworks */ = {isa = PBXBuildFile; fileRef = 34753A4118307BAE00FFFB21 /* XCTest.framework */; };
		34753A4318307BAE00FFFB21 /* Foundation.framework in Frameworks */ = {isa = PBXBuildFile; fileRef = 34753A2218307BAD00FFFB21 /* Foundation.framework */; };
		34753A4418307BAE00FFFB21 /* UIKit.framework in Frameworks */ = {isa = PBXBuildFile; fileRef = 34753A2618307BAD00FFFB21 /* UIKit.framework */; };
		34753A4C18307BAE00FFFB21 /* InfoPlist.strings in Resources */ = {isa = PBXBuildFile; fileRef = 34753A4A18307BAE00FFFB21 /* InfoPlist.strings */; };
		34753A4E18307BAE00FFFB21 /* ChartPOCTests.m in Sources */ = {isa = PBXBuildFile; fileRef = 34753A4D18307BAE00FFFB21 /* ChartPOCTests.m */; };
		34D6C88518312FA500B13499 /* graph.html in Resources */ = {isa = PBXBuildFile; fileRef = 34D6C88118312FA500B13499 /* graph.html */; };
		34D6C8861831302B00B13499 /* highcharts.js in Resources */ = {isa = PBXBuildFile; fileRef = 34D6C87E18312FA500B13499 /* highcharts.js */; };
		34D6C8871831302B00B13499 /* init.js in Resources */ = {isa = PBXBuildFile; fileRef = 34D6C87F18312FA500B13499 /* init.js */; };
		34D6C8881831302B00B13499 /* jquery-1.10.2.min.js in Resources */ = {isa = PBXBuildFile; fileRef = 34D6C88018312FA500B13499 /* jquery-1.10.2.min.js */; };
		34D6C88A1831338000B13499 /* data.json in Resources */ = {isa = PBXBuildFile; fileRef = 34D6C8891831338000B13499 /* data.json */; };
		34D6C88C183133BE00B13499 /* progress.js in Sources */ = {isa = PBXBuildFile; fileRef = 34D6C88B183133BE00B13499 /* progress.js */; };
/* End PBXBuildFile section */

/* Begin PBXContainerItemProxy section */
		34753A4518307BAE00FFFB21 /* PBXContainerItemProxy */ = {
			isa = PBXContainerItemProxy;
			containerPortal = 34753A1718307BAD00FFFB21 /* Project object */;
			proxyType = 1;
			remoteGlobalIDString = 34753A1E18307BAD00FFFB21;
			remoteInfo = ChartPOC;
		};
/* End PBXContainerItemProxy section */

/* Begin PBXFileReference section */
		34753A1F18307BAD00FFFB21 /* ChartPOC.app */ = {isa = PBXFileReference; explicitFileType = wrapper.application; includeInIndex = 0; path = ChartPOC.app; sourceTree = BUILT_PRODUCTS_DIR; };
		34753A2218307BAD00FFFB21 /* Foundation.framework */ = {isa = PBXFileReference; lastKnownFileType = wrapper.framework; name = Foundation.framework; path = System/Library/Frameworks/Foundation.framework; sourceTree = SDKROOT; };
		34753A2418307BAD00FFFB21 /* CoreGraphics.framework */ = {isa = PBXFileReference; lastKnownFileType = wrapper.framework; name = CoreGraphics.framework; path = System/Library/Frameworks/CoreGraphics.framework; sourceTree = SDKROOT; };
		34753A2618307BAD00FFFB21 /* UIKit.framework */ = {isa = PBXFileReference; lastKnownFileType = wrapper.framework; name = UIKit.framework; path = System/Library/Frameworks/UIKit.framework; sourceTree = SDKROOT; };
		34753A2A18307BAD00FFFB21 /* ChartPOC-Info.plist */ = {isa = PBXFileReference; lastKnownFileType = text.plist.xml; path = "ChartPOC-Info.plist"; sourceTree = "<group>"; };
		34753A2C18307BAD00FFFB21 /* en */ = {isa = PBXFileReference; lastKnownFileType = text.plist.strings; name = en; path = en.lproj/InfoPlist.strings; sourceTree = "<group>"; };
		34753A2E18307BAD00FFFB21 /* main.m */ = {isa = PBXFileReference; lastKnownFileType = sourcecode.c.objc; path = main.m; sourceTree = "<group>"; };
		34753A3018307BAD00FFFB21 /* ChartPOC-Prefix.pch */ = {isa = PBXFileReference; lastKnownFileType = sourcecode.c.h; path = "ChartPOC-Prefix.pch"; sourceTree = "<group>"; };
		34753A3118307BAD00FFFB21 /* AppDelegate.h */ = {isa = PBXFileReference; lastKnownFileType = sourcecode.c.h; path = AppDelegate.h; sourceTree = "<group>"; };
		34753A3218307BAD00FFFB21 /* AppDelegate.m */ = {isa = PBXFileReference; lastKnownFileType = sourcecode.c.objc; path = AppDelegate.m; sourceTree = "<group>"; };
		34753A3518307BAD00FFFB21 /* Base */ = {isa = PBXFileReference; lastKnownFileType = file.storyboard; name = Base; path = Base.lproj/Main.storyboard; sourceTree = "<group>"; };
		34753A3718307BAD00FFFB21 /* ViewController.h */ = {isa = PBXFileReference; lastKnownFileType = sourcecode.c.h; path = ViewController.h; sourceTree = "<group>"; };
		34753A3818307BAD00FFFB21 /* ViewController.m */ = {isa = PBXFileReference; lastKnownFileType = sourcecode.c.objc; path = ViewController.m; sourceTree = "<group>"; };
		34753A3A18307BAD00FFFB21 /* Images.xcassets */ = {isa = PBXFileReference; lastKnownFileType = folder.assetcatalog; path = Images.xcassets; sourceTree = "<group>"; };
		34753A4018307BAE00FFFB21 /* ChartPOCTests.xctest */ = {isa = PBXFileReference; explicitFileType = wrapper.cfbundle; includeInIndex = 0; path = ChartPOCTests.xctest; sourceTree = BUILT_PRODUCTS_DIR; };
		34753A4118307BAE00FFFB21 /* XCTest.framework */ = {isa = PBXFileReference; lastKnownFileType = wrapper.framework; name = XCTest.framework; path = Library/Frameworks/XCTest.framework; sourceTree = DEVELOPER_DIR; };
		34753A4918307BAE00FFFB21 /* ChartPOCTests-Info.plist */ = {isa = PBXFileReference; lastKnownFileType = text.plist.xml; path = "ChartPOCTests-Info.plist"; sourceTree = "<group>"; };
		34753A4B18307BAE00FFFB21 /* en */ = {isa = PBXFileReference; lastKnownFileType = text.plist.strings; name = en; path = en.lproj/InfoPlist.strings; sourceTree = "<group>"; };
		34753A4D18307BAE00FFFB21 /* ChartPOCTests.m */ = {isa = PBXFileReference; lastKnownFileType = sourcecode.c.objc; path = ChartPOCTests.m; sourceTree = "<group>"; };
		34D6C87E18312FA500B13499 /* highcharts.js */ = {isa = PBXFileReference; fileEncoding = 4; lastKnownFileType = sourcecode.javascript; path = highcharts.js; sourceTree = "<group>"; };
		34D6C87F18312FA500B13499 /* init.js */ = {isa = PBXFileReference; fileEncoding = 4; lastKnownFileType = sourcecode.javascript; path = init.js; sourceTree = "<group>"; };
		34D6C88018312FA500B13499 /* jquery-1.10.2.min.js */ = {isa = PBXFileReference; fileEncoding = 4; lastKnownFileType = sourcecode.javascript; path = "jquery-1.10.2.min.js"; sourceTree = "<group>"; };
		34D6C88118312FA500B13499 /* graph.html */ = {isa = PBXFileReference; fileEncoding = 4; lastKnownFileType = text.html; path = graph.html; sourceTree = "<group>"; };
		34D6C8891831338000B13499 /* data.json */ = {isa = PBXFileReference; fileEncoding = 4; lastKnownFileType = text.json; path = data.json; sourceTree = "<group>"; };
		34D6C88B183133BE00B13499 /* progress.js */ = {isa = PBXFileReference; fileEncoding = 4; lastKnownFileType = sourcecode.javascript; path = progress.js; sourceTree = "<group>"; };
/* End PBXFileReference section */

/* Begin PBXFrameworksBuildPhase section */
		34753A1C18307BAD00FFFB21 /* Frameworks */ = {
			isa = PBXFrameworksBuildPhase;
			buildActionMask = 2147483647;
			files = (
				34753A2518307BAD00FFFB21 /* CoreGraphics.framework in Frameworks */,
				34753A2718307BAD00FFFB21 /* UIKit.framework in Frameworks */,
				34753A2318307BAD00FFFB21 /* Foundation.framework in Frameworks */,
			);
			runOnlyForDeploymentPostprocessing = 0;
		};
		34753A3D18307BAE00FFFB21 /* Frameworks */ = {
			isa = PBXFrameworksBuildPhase;
			buildActionMask = 2147483647;
			files = (
				34753A4218307BAE00FFFB21 /* XCTest.framework in Frameworks */,
				34753A4418307BAE00FFFB21 /* UIKit.framework in Frameworks */,
				34753A4318307BAE00FFFB21 /* Foundation.framework in Frameworks */,
			);
			runOnlyForDeploymentPostprocessing = 0;
		};
/* End PBXFrameworksBuildPhase section */

/* Begin PBXGroup section */
		34753A1618307BAD00FFFB21 = {
			isa = PBXGroup;
			children = (
				34753A2818307BAD00FFFB21 /* ChartPOC */,
				34753A4718307BAE00FFFB21 /* ChartPOCTests */,
				34753A2118307BAD00FFFB21 /* Frameworks */,
				34753A2018307BAD00FFFB21 /* Products */,
			);
			sourceTree = "<group>";
		};
		34753A2018307BAD00FFFB21 /* Products */ = {
			isa = PBXGroup;
			children = (
				34753A1F18307BAD00FFFB21 /* ChartPOC.app */,
				34753A4018307BAE00FFFB21 /* ChartPOCTests.xctest */,
			);
			name = Products;
			sourceTree = "<group>";
		};
		34753A2118307BAD00FFFB21 /* Frameworks */ = {
			isa = PBXGroup;
			children = (
				34753A2218307BAD00FFFB21 /* Foundation.framework */,
				34753A2418307BAD00FFFB21 /* CoreGraphics.framework */,
				34753A2618307BAD00FFFB21 /* UIKit.framework */,
				34753A4118307BAE00FFFB21 /* XCTest.framework */,
			);
			name = Frameworks;
			sourceTree = "<group>";
		};
		34753A2818307BAD00FFFB21 /* ChartPOC */ = {
			isa = PBXGroup;
			children = (
				34D6C88B183133BE00B13499 /* progress.js */,
				34D6C8891831338000B13499 /* data.json */,
				34D6C87E18312FA500B13499 /* highcharts.js */,
				34D6C87F18312FA500B13499 /* init.js */,
				34D6C88018312FA500B13499 /* jquery-1.10.2.min.js */,
				34D6C88118312FA500B13499 /* graph.html */,
				34753A3118307BAD00FFFB21 /* AppDelegate.h */,
				34753A3218307BAD00FFFB21 /* AppDelegate.m */,
				34753A3418307BAD00FFFB21 /* Main.storyboard */,
				34753A3718307BAD00FFFB21 /* ViewController.h */,
				34753A3818307BAD00FFFB21 /* ViewController.m */,
				34753A3A18307BAD00FFFB21 /* Images.xcassets */,
				34753A2918307BAD00FFFB21 /* Supporting Files */,
			);
			path = ChartPOC;
			sourceTree = "<group>";
		};
		34753A2918307BAD00FFFB21 /* Supporting Files */ = {
			isa = PBXGroup;
			children = (
				34753A2A18307BAD00FFFB21 /* ChartPOC-Info.plist */,
				34753A2B18307BAD00FFFB21 /* InfoPlist.strings */,
				34753A2E18307BAD00FFFB21 /* main.m */,
				34753A3018307BAD00FFFB21 /* ChartPOC-Prefix.pch */,
			);
			name = "Supporting Files";
			sourceTree = "<group>";
		};
		34753A4718307BAE00FFFB21 /* ChartPOCTests */ = {
			isa = PBXGroup;
			children = (
				34753A4D18307BAE00FFFB21 /* ChartPOCTests.m */,
				34753A4818307BAE00FFFB21 /* Supporting Files */,
			);
			path = ChartPOCTests;
			sourceTree = "<group>";
		};
		34753A4818307BAE00FFFB21 /* Supporting Files */ = {
			isa = PBXGroup;
			children = (
				34753A4918307BAE00FFFB21 /* ChartPOCTests-Info.plist */,
				34753A4A18307BAE00FFFB21 /* InfoPlist.strings */,
			);
			name = "Supporting Files";
			sourceTree = "<group>";
		};
/* End PBXGroup section */

/* Begin PBXNativeTarget section */
		34753A1E18307BAD00FFFB21 /* ChartPOC */ = {
			isa = PBXNativeTarget;
			buildConfigurationList = 34753A5118307BAE00FFFB21 /* Build configuration list for PBXNativeTarget "ChartPOC" */;
			buildPhases = (
				34753A1B18307BAD00FFFB21 /* Sources */,
				34753A1C18307BAD00FFFB21 /* Frameworks */,
				34753A1D18307BAD00FFFB21 /* Resources */,
			);
			buildRules = (
			);
			dependencies = (
			);
			name = ChartPOC;
			productName = ChartPOC;
			productReference = 34753A1F18307BAD00FFFB21 /* ChartPOC.app */;
			productType = "com.apple.product-type.application";
		};
		34753A3F18307BAE00FFFB21 /* ChartPOCTests */ = {
			isa = PBXNativeTarget;
			buildConfigurationList = 34753A5418307BAE00FFFB21 /* Build configuration list for PBXNativeTarget "ChartPOCTests" */;
			buildPhases = (
				34753A3C18307BAE00FFFB21 /* Sources */,
				34753A3D18307BAE00FFFB21 /* Frameworks */,
				34753A3E18307BAE00FFFB21 /* Resources */,
			);
			buildRules = (
			);
			dependencies = (
				34753A4618307BAE00FFFB21 /* PBXTargetDependency */,
			);
			name = ChartPOCTests;
			productName = ChartPOCTests;
			productReference = 34753A4018307BAE00FFFB21 /* ChartPOCTests.xctest */;
			productType = "com.apple.product-type.bundle.unit-test";
		};
/* End PBXNativeTarget section */

/* Begin PBXProject section */
		34753A1718307BAD00FFFB21 /* Project object */ = {
			isa = PBXProject;
			attributes = {
				LastUpgradeCheck = 0500;
				ORGANIZATIONNAME = "Lineker Tomazeli";
				TargetAttributes = {
					34753A3F18307BAE00FFFB21 = {
						TestTargetID = 34753A1E18307BAD00FFFB21;
					};
				};
			};
			buildConfigurationList = 34753A1A18307BAD00FFFB21 /* Build configuration list for PBXProject "ChartPOC" */;
			compatibilityVersion = "Xcode 3.2";
			developmentRegion = English;
			hasScannedForEncodings = 0;
			knownRegions = (
				en,
				Base,
			);
			mainGroup = 34753A1618307BAD00FFFB21;
			productRefGroup = 34753A2018307BAD00FFFB21 /* Products */;
			projectDirPath = "";
			projectRoot = "";
			targets = (
				34753A1E18307BAD00FFFB21 /* ChartPOC */,
				34753A3F18307BAE00FFFB21 /* ChartPOCTests */,
			);
		};
/* End PBXProject section */

/* Begin PBXResourcesBuildPhase section */
		34753A1D18307BAD00FFFB21 /* Resources */ = {
			isa = PBXResourcesBuildPhase;
			buildActionMask = 2147483647;
			files = (
				34D6C8861831302B00B13499 /* highcharts.js in Resources */,
				34D6C8871831302B00B13499 /* init.js in Resources */,
				34D6C8881831302B00B13499 /* jquery-1.10.2.min.js in Resources */,
				34D6C88A1831338000B13499 /* data.json in Resources */,
				34753A3B18307BAD00FFFB21 /* Images.xcassets in Resources */,
				34753A2D18307BAD00FFFB21 /* InfoPlist.strings in Resources */,
				34753A3618307BAD00FFFB21 /* Main.storyboard in Resources */,
				34D6C88518312FA500B13499 /* graph.html in Resources */,
			);
			runOnlyForDeploymentPostprocessing = 0;
		};
		34753A3E18307BAE00FFFB21 /* Resources */ = {
			isa = PBXResourcesBuildPhase;
			buildActionMask = 2147483647;
			files = (
				34753A4C18307BAE00FFFB21 /* InfoPlist.strings in Resources */,
			);
			runOnlyForDeploymentPostprocessing = 0;
		};
/* End PBXResourcesBuildPhase section */

/* Begin PBXSourcesBuildPhase section */
		34753A1B18307BAD00FFFB21 /* Sources */ = {
			isa = PBXSourcesBuildPhase;
			buildActionMask = 2147483647;
			files = (
				34753A3918307BAD00FFFB21 /* ViewController.m in Sources */,
				34753A3318307BAD00FFFB21 /* AppDelegate.m in Sources */,
				34753A2F18307BAD00FFFB21 /* main.m in Sources */,
				34D6C88C183133BE00B13499 /* progress.js in Sources */,
			);
			runOnlyForDeploymentPostprocessing = 0;
		};
		34753A3C18307BAE00FFFB21 /* Sources */ = {
			isa = PBXSourcesBuildPhase;
			buildActionMask = 2147483647;
			files = (
				34753A4E18307BAE00FFFB21 /* ChartPOCTests.m in Sources */,
			);
			runOnlyForDeploymentPostprocessing = 0;
		};
/* End PBXSourcesBuildPhase section */

/* Begin PBXTargetDependency section */
		34753A4618307BAE00FFFB21 /* PBXTargetDependency */ = {
			isa = PBXTargetDependency;
			target = 34753A1E18307BAD00FFFB21 /* ChartPOC */;
			targetProxy = 34753A4518307BAE00FFFB21 /* PBXContainerItemProxy */;
		};
/* End PBXTargetDependency section */

/* Begin PBXVariantGroup section */
		34753A2B18307BAD00FFFB21 /* InfoPlist.strings */ = {
			isa = PBXVariantGroup;
			children = (
				34753A2C18307BAD00FFFB21 /* en */,
			);
			name = InfoPlist.strings;
			sourceTree = "<group>";
		};
		34753A3418307BAD00FFFB21 /* Main.storyboard */ = {
			isa = PBXVariantGroup;
			children = (
				34753A3518307BAD00FFFB21 /* Base */,
			);
			name = Main.storyboard;
			sourceTree = "<group>";
		};
		34753A4A18307BAE00FFFB21 /* InfoPlist.strings */ = {
			isa = PBXVariantGroup;
			children = (
				34753A4B18307BAE00FFFB21 /* en */,
			);
			name = InfoPlist.strings;
			sourceTree = "<group>";
		};
/* End PBXVariantGroup section */

/* Begin XCBuildConfiguration section */
		34753A4F18307BAE00FFFB21 /* Debug */ = {
			isa = XCBuildConfiguration;
			buildSettings = {
				ALWAYS_SEARCH_USER_PATHS = NO;
				ARCHS = "$(ARCHS_STANDARD_INCLUDING_64_BIT)";
				CLANG_CXX_LANGUAGE_STANDARD = "gnu++0x";
				CLANG_CXX_LIBRARY = "libc++";
				CLANG_ENABLE_MODULES = YES;
				CLANG_ENABLE_OBJC_ARC = YES;
				CLANG_WARN_BOOL_CONVERSION = YES;
				CLANG_WARN_CONSTANT_CONVERSION = YES;
				CLANG_WARN_DIRECT_OBJC_ISA_USAGE = YES_ERROR;
				CLANG_WARN_EMPTY_BODY = YES;
				CLANG_WARN_ENUM_CONVERSION = YES;
				CLANG_WARN_INT_CONVERSION = YES;
				CLANG_WARN_OBJC_ROOT_CLASS = YES_ERROR;
				CLANG_WARN__DUPLICATE_METHOD_MATCH = YES;
				"CODE_SIGN_IDENTITY[sdk=iphoneos*]" = "iPhone Developer";
				COPY_PHASE_STRIP = NO;
				GCC_C_LANGUAGE_STANDARD = gnu99;
				GCC_DYNAMIC_NO_PIC = NO;
				GCC_OPTIMIZATION_LEVEL = 0;
				GCC_PREPROCESSOR_DEFINITIONS = (
					"DEBUG=1",
					"$(inherited)",
				);
				GCC_SYMBOLS_PRIVATE_EXTERN = NO;
				GCC_WARN_64_TO_32_BIT_CONVERSION = YES;
				GCC_WARN_ABOUT_RETURN_TYPE = YES_ERROR;
				GCC_WARN_UNDECLARED_SELECTOR = YES;
				GCC_WARN_UNINITIALIZED_AUTOS = YES;
				GCC_WARN_UNUSED_FUNCTION = YES;
				GCC_WARN_UNUSED_VARIABLE = YES;
				IPHONEOS_DEPLOYMENT_TARGET = 7.0;
				ONLY_ACTIVE_ARCH = YES;
				SDKROOT = iphoneos;
				TARGETED_DEVICE_FAMILY = 2;
			};
			name = Debug;
		};
		34753A5018307BAE00FFFB21 /* Release */ = {
			isa = XCBuildConfiguration;
			buildSettings = {
				ALWAYS_SEARCH_USER_PATHS = NO;
				ARCHS = "$(ARCHS_STANDARD_INCLUDING_64_BIT)";
				CLANG_CXX_LANGUAGE_STANDARD = "gnu++0x";
				CLANG_CXX_LIBRARY = "libc++";
				CLANG_ENABLE_MODULES = YES;
				CLANG_ENABLE_OBJC_ARC = YES;
				CLANG_WARN_BOOL_CONVERSION = YES;
				CLANG_WARN_CONSTANT_CONVERSION = YES;
				CLANG_WARN_DIRECT_OBJC_ISA_USAGE = YES_ERROR;
				CLANG_WARN_EMPTY_BODY = YES;
				CLANG_WARN_ENUM_CONVERSION = YES;
				CLANG_WARN_INT_CONVERSION = YES;
				CLANG_WARN_OBJC_ROOT_CLASS = YES_ERROR;
				CLANG_WARN__DUPLICATE_METHOD_MATCH = YES;
				"CODE_SIGN_IDENTITY[sdk=iphoneos*]" = "iPhone Developer";
				COPY_PHASE_STRIP = YES;
				ENABLE_NS_ASSERTIONS = NO;
				GCC_C_LANGUAGE_STANDARD = gnu99;
				GCC_WARN_64_TO_32_BIT_CONVERSION = YES;
				GCC_WARN_ABOUT_RETURN_TYPE = YES_ERROR;
				GCC_WARN_UNDECLARED_SELECTOR = YES;
				GCC_WARN_UNINITIALIZED_AUTOS = YES;
				GCC_WARN_UNUSED_FUNCTION = YES;
				GCC_WARN_UNUSED_VARIABLE = YES;
				IPHONEOS_DEPLOYMENT_TARGET = 7.0;
				SDKROOT = iphoneos;
				TARGETED_DEVICE_FAMILY = 2;
				VALIDATE_PRODUCT = YES;
			};
			name = Release;
		};
		34753A5218307BAE00FFFB21 /* Debug */ = {
			isa = XCBuildConfiguration;
			buildSettings = {
				ASSETCATALOG_COMPILER_APPICON_NAME = AppIcon;
				ASSETCATALOG_COMPILER_LAUNCHIMAGE_NAME = LaunchImage;
				GCC_PRECOMPILE_PREFIX_HEADER = YES;
				GCC_PREFIX_HEADER = "ChartPOC/ChartPOC-Prefix.pch";
				INFOPLIST_FILE = "ChartPOC/ChartPOC-Info.plist";
				PRODUCT_NAME = "$(TARGET_NAME)";
				WRAPPER_EXTENSION = app;
			};
			name = Debug;
		};
		34753A5318307BAE00FFFB21 /* Release */ = {
			isa = XCBuildConfiguration;
			buildSettings = {
				ASSETCATALOG_COMPILER_APPICON_NAME = AppIcon;
				ASSETCATALOG_COMPILER_LAUNCHIMAGE_NAME = LaunchImage;
				GCC_PRECOMPILE_PREFIX_HEADER = YES;
				GCC_PREFIX_HEADER = "ChartPOC/ChartPOC-Prefix.pch";
				INFOPLIST_FILE = "ChartPOC/ChartPOC-Info.plist";
				PRODUCT_NAME = "$(TARGET_NAME)";
				WRAPPER_EXTENSION = app;
			};
			name = Release;
		};
		34753A5518307BAE00FFFB21 /* Debug */ = {
			isa = XCBuildConfiguration;
			buildSettings = {
				ARCHS = "$(ARCHS_STANDARD_INCLUDING_64_BIT)";
				BUNDLE_LOADER = "$(BUILT_PRODUCTS_DIR)/ChartPOC.app/ChartPOC";
				FRAMEWORK_SEARCH_PATHS = (
					"$(SDKROOT)/Developer/Library/Frameworks",
					"$(inherited)",
					"$(DEVELOPER_FRAMEWORKS_DIR)",
				);
				GCC_PRECOMPILE_PREFIX_HEADER = YES;
				GCC_PREFIX_HEADER = "ChartPOC/ChartPOC-Prefix.pch";
				GCC_PREPROCESSOR_DEFINITIONS = (
					"DEBUG=1",
					"$(inherited)",
				);
				INFOPLIST_FILE = "ChartPOCTests/ChartPOCTests-Info.plist";
				PRODUCT_NAME = "$(TARGET_NAME)";
				TEST_HOST = "$(BUNDLE_LOADER)";
				WRAPPER_EXTENSION = xctest;
			};
			name = Debug;
		};
		34753A5618307BAE00FFFB21 /* Release */ = {
			isa = XCBuildConfiguration;
			buildSettings = {
				ARCHS = "$(ARCHS_STANDARD_INCLUDING_64_BIT)";
				BUNDLE_LOADER = "$(BUILT_PRODUCTS_DIR)/ChartPOC.app/ChartPOC";
				FRAMEWORK_SEARCH_PATHS = (
					"$(SDKROOT)/Developer/Library/Frameworks",
					"$(inherited)",
					"$(DEVELOPER_FRAMEWORKS_DIR)",
				);
				GCC_PRECOMPILE_PREFIX_HEADER = YES;
				GCC_PREFIX_HEADER = "ChartPOC/ChartPOC-Prefix.pch";
				INFOPLIST_FILE = "ChartPOCTests/ChartPOCTests-Info.plist";
				PRODUCT_NAME = "$(TARGET_NAME)";
				TEST_HOST = "$(BUNDLE_LOADER)";
				WRAPPER_EXTENSION = xctest;
			};
			name = Release;
		};
/* End XCBuildConfiguration section */

/* Begin XCConfigurationList section */
		34753A1A18307BAD00FFFB21 /* Build configuration list for PBXProject "ChartPOC" */ = {
			isa = XCConfigurationList;
			buildConfigurations = (
				34753A4F18307BAE00FFFB21 /* Debug */,
				34753A5018307BAE00FFFB21 /* Release */,
			);
			defaultConfigurationIsVisible = 0;
			defaultConfigurationName = Release;
		};
		34753A5118307BAE00FFFB21 /* Build configuration list for PBXNativeTarget "ChartPOC" */ = {
			isa = XCConfigurationList;
			buildConfigurations = (
				34753A5218307BAE00FFFB21 /* Debug */,
				34753A5318307BAE00FFFB21 /* Release */,
			);
			defaultConfigurationIsVisible = 0;
			defaultConfigurationName = Release;
		};
		34753A5418307BAE00FFFB21 /* Build configuration list for PBXNativeTarget "ChartPOCTests" */ = {
			isa = XCConfigurationList;
			buildConfigurations = (
				34753A5518307BAE00FFFB21 /* Debug */,
				34753A5618307BAE00FFFB21 /* Release */,
			);
			defaultConfigurationIsVisible = 0;
			defaultConfigurationName = Release;
		};
/* End XCConfigurationList section */
	};
	rootObject = 34753A1718307BAD00FFFB21 /* Project object */;
}
